
Microsoft Visual Studio Solution File, Format Version 12.00
# Visual Studio Version 16
VisualStudioVersion = 16.0.29609.76
MinimumVisualStudioVersion = 10.0.40219.1
Project("{FAE04EC0-301F-11D3-BF4B-00C04F79EFBC}") = "FactoryMethod", "FactoryMethod\FactoryMethod.csproj", "{66AA6FDC-55D7-4CB1-8E0C-84A9D558122D}"
EndProject
Global
	GlobalSection(SolutionConfigurationPlatforms) = preSolution
		Debug|Any CPU = Debug|Any CPU
		Release|Any CPU = Release|Any CPU
	EndGlobalSection
	GlobalSection(ProjectConfigurationPlatforms) = postSolution
		{66AA6FDC-55D7-4CB1-8E0C-84A9D558122D}.Debug|Any CPU.ActiveCfg = Debug|Any CPU
		{66AA6FDC-55D7-4CB1-8E0C-84A9D558122D}.Debug|Any CPU.Build.0 = Debug|Any CPU
		{66AA6FDC-55D7-4CB1-8E0C-84A9D558122D}.Release|Any CPU.ActiveCfg = Release|Any CPU
		{66AA6FDC-55D7-4CB1-8E0C-84A9D558122D}.Release|Any CPU.Build.0 = Release|Any CPU
	EndGlobalSection
	GlobalSection(SolutionProperties) = preSolution
		HideSolutionNode = FALSE
	EndGlobalSection
	GlobalSection(ExtensibilityGlobals) = postSolution
		SolutionGuid = {3D20A8D5-1E28-42BC-AE75-3FC9DE333765}
	EndGlobalSection
EndGlobal
